
Microsoft Visual Studio Solution File, Format Version 12.00
# Visual Studio Version 17
VisualStudioVersion = 17.1.32319.34
MinimumVisualStudioVersion = 10.0.40219.1
Project("{9A19103F-16F7-4668-BE54-9A1E7A4F7556}") = "UserManagment.API", "UserManagment.API\UserManagment.API.csproj", "{3ACBFDA5-7E9C-4CDE-8EE1-0E50824F90BB}"
EndProject
Project("{9A19103F-16F7-4668-BE54-9A1E7A4F7556}") = "DataAL", "DataAL\DataAL.csproj", "{4E604354-74AC-4071-AB4F-A5C548B8FCAE}"
EndProject
Project("{9A19103F-16F7-4668-BE54-9A1E7A4F7556}") = "UserManagment.shared", "UserManagment.shared\UserManagment.shared.csproj", "{01955F82-27C9-46BE-B729-D5615A88A99A}"
EndProject
Project("{9A19103F-16F7-4668-BE54-9A1E7A4F7556}") = "UserManagement.BLL", "UserManagement.BLL\UserManagement.BLL.csproj", "{F3404317-CDE3-4A9E-A1B1-8B01E9F54EDB}"
EndProject
Project("{FAE04EC0-301F-11D3-BF4B-00C04F79EFBC}") = "UserManagment.API.Test", "UserManagment.API.Test\UserManagment.API.Test.csproj", "{2AF10A0C-45EF-4B86-A594-8109041A63FA}"
EndProject
Global
	GlobalSection(SolutionConfigurationPlatforms) = preSolution
		Debug|Any CPU = Debug|Any CPU
		Release|Any CPU = Release|Any CPU
	EndGlobalSection
	GlobalSection(ProjectConfigurationPlatforms) = postSolution
		{3ACBFDA5-7E9C-4CDE-8EE1-0E50824F90BB}.Debug|Any CPU.ActiveCfg = Debug|Any CPU
		{3ACBFDA5-7E9C-4CDE-8EE1-0E50824F90BB}.Debug|Any CPU.Build.0 = Debug|Any CPU
		{3ACBFDA5-7E9C-4CDE-8EE1-0E50824F90BB}.Release|Any CPU.ActiveCfg = Release|Any CPU
		{3ACBFDA5-7E9C-4CDE-8EE1-0E50824F90BB}.Release|Any CPU.Build.0 = Release|Any CPU
		{4E604354-74AC-4071-AB4F-A5C548B8FCAE}.Debug|Any CPU.ActiveCfg = Debug|Any CPU
		{4E604354-74AC-4071-AB4F-A5C548B8FCAE}.Debug|Any CPU.Build.0 = Debug|Any CPU
		{4E604354-74AC-4071-AB4F-A5C548B8FCAE}.Release|Any CPU.ActiveCfg = Release|Any CPU
		{4E604354-74AC-4071-AB4F-A5C548B8FCAE}.Release|Any CPU.Build.0 = Release|Any CPU
		{01955F82-27C9-46BE-B729-D5615A88A99A}.Debug|Any CPU.ActiveCfg = Debug|Any CPU
		{01955F82-27C9-46BE-B729-D5615A88A99A}.Debug|Any CPU.Build.0 = Debug|Any CPU
		{01955F82-27C9-46BE-B729-D5615A88A99A}.Release|Any CPU.ActiveCfg = Release|Any CPU
		{01955F82-27C9-46BE-B729-D5615A88A99A}.Release|Any CPU.Build.0 = Release|Any CPU
		{F3404317-CDE3-4A9E-A1B1-8B01E9F54EDB}.Debug|Any CPU.ActiveCfg = Debug|Any CPU
		{F3404317-CDE3-4A9E-A1B1-8B01E9F54EDB}.Debug|Any CPU.Build.0 = Debug|Any CPU
		{F3404317-CDE3-4A9E-A1B1-8B01E9F54EDB}.Release|Any CPU.ActiveCfg = Release|Any CPU
		{F3404317-CDE3-4A9E-A1B1-8B01E9F54EDB}.Release|Any CPU.Build.0 = Release|Any CPU
		{2AF10A0C-45EF-4B86-A594-8109041A63FA}.Debug|Any CPU.ActiveCfg = Debug|Any CPU
		{2AF10A0C-45EF-4B86-A594-8109041A63FA}.Debug|Any CPU.Build.0 = Debug|Any CPU
		{2AF10A0C-45EF-4B86-A594-8109041A63FA}.Release|Any CPU.ActiveCfg = Release|Any CPU
		{2AF10A0C-45EF-4B86-A594-8109041A63FA}.Release|Any CPU.Build.0 = Release|Any CPU
	EndGlobalSection
	GlobalSection(SolutionProperties) = preSolution
		HideSolutionNode = FALSE
	EndGlobalSection
	GlobalSection(ExtensibilityGlobals) = postSolution
		SolutionGuid = {BA8358AE-E775-46FD-BB3F-5258C3294ED8}
	EndGlobalSection
EndGlobal
